
Microsoft Visual Studio Solution File, Format Version 12.00
# Visual Studio Version 16
VisualStudioVersion = 16.0.30413.136
MinimumVisualStudioVersion = 10.0.40219.1
Project("{8BC9CEB8-8B4A-11D0-8D11-00A0C91BC942}") = "Project6", "Project6.vcxproj", "{86771E9C-F46D-4675-979F-EBD117945392}"
EndProject
Global
	GlobalSection(SolutionConfigurationPlatforms) = preSolution
		Debug|x64 = Debug|x64
		Debug|x86 = Debug|x86
		Release|x64 = Release|x64
		Release|x86 = Release|x86
	EndGlobalSection
	GlobalSection(ProjectConfigurationPlatforms) = postSolution
		{86771E9C-F46D-4675-979F-EBD117945392}.Debug|x64.ActiveCfg = Debug|x64
		{86771E9C-F46D-4675-979F-EBD117945392}.Debug|x64.Build.0 = Debug|x64
		{86771E9C-F46D-4675-979F-EBD117945392}.Debug|x86.ActiveCfg = Debug|Win32
		{86771E9C-F46D-4675-979F-EBD117945392}.Debug|x86.Build.0 = Debug|Win32
		{86771E9C-F46D-4675-979F-EBD117945392}.Release|x64.ActiveCfg = Release|x64
		{86771E9C-F46D-4675-979F-EBD117945392}.Release|x64.Build.0 = Release|x64
		{86771E9C-F46D-4675-979F-EBD117945392}.Release|x86.ActiveCfg = Release|Win32
		{86771E9C-F46D-4675-979F-EBD117945392}.Release|x86.Build.0 = Release|Win32
	EndGlobalSection
	GlobalSection(SolutionProperties) = preSolution
		HideSolutionNode = FALSE
	EndGlobalSection
	GlobalSection(ExtensibilityGlobals) = postSolution
		SolutionGuid = {0E238C65-B0AB-4CFE-B4D4-F4A8B730A4D4}
	EndGlobalSection
EndGlobal
